{
  "nodes": {
    "flakeNimbleLib": {
      "inputs": {
        "nixpkgs": [
          "nixpkgs"
        ]
      },
      "locked": {
        "lastModified": 1662018438,
        "narHash": "sha256-QtNtU6+LX3Wokxf0zlFwKTFOcn6TeDjKQZ+DA9OYtvM=",
        "owner": "riinr",
        "repo": "nim-flakes-lib",
        "rev": "b1fe8340736e3a85d25c709ac3dfd82a55c03cbf",
        "type": "github"
      },
      "original": {
        "owner": "riinr",
        "ref": "master",
        "repo": "nim-flakes-lib",
        "type": "github"
      }
    },
    "jstin-master": {
      "inputs": {
        "flakeNimbleLib": [
          "flakeNimbleLib"
        ],
        "nixpkgs": [
          "nixpkgs"
        ],
        "src-jstin-master": "src-jstin-master"
      },
      "locked": {
        "dir": "master",
        "lastModified": 1667322371,
        "narHash": "sha256-RklyH0VXgQMWSV5Fp9voCY8li6mP8RLmGNnHeVBKwz8=",
        "owner": "nim-nix-pkgs",
        "repo": "jstin",
        "rev": "7620b9005e6096d8caeffc0df6920f7833125dd9",
        "type": "github"
      },
      "original": {
        "dir": "master",
        "owner": "nim-nix-pkgs",
        "ref": "master",
        "repo": "jstin",
        "type": "github"
      }
    },
    "nixpkgs": {
      "locked": {
        "lastModified": 1667199707,
        "narHash": "sha256-I2Js3Y7gUyVSEXPULHlBoRek4Lh85vnevdS6mdvDNLI=",
        "owner": "NixOS",
        "repo": "nixpkgs",
        "rev": "ced197be72099edcfa68ebed8b87af7b04851f45",
        "type": "github"
      },
      "original": {
        "id": "nixpkgs",
        "type": "indirect"
      }
    },
    "root": {
      "inputs": {
        "flakeNimbleLib": "flakeNimbleLib",
        "jstin-master": "jstin-master",
        "nixpkgs": "nixpkgs"
      }
    },
    "src-jstin-master": {
      "flake": false,
      "locked": {
        "lastModified": 1619333036,
        "narHash": "sha256-gtcJ9AjNI9TyFEMoF7KDc9mGVPqDcA/ncg6aRw5z6qM=",
        "owner": "nim-lang",
        "repo": "jstin",
        "rev": "61cac5911110f647dd8950c5efdfb1dfba07c455",
        "type": "github"
      },
      "original": {
        "owner": "nim-lang",
        "ref": "refs/heads/master",
        "repo": "jstin",
        "type": "github"
      }
    }
  },
  "root": "root",
  "version": 7
}
